{
  "requires": true,
  "lockfileVersion": 1,
  "dependencies": {
    "@sweetalert2/theme-dark": {
      "version": "4.0.3",
      "resolved": "https://registry.npmjs.org/@sweetalert2/theme-dark/-/theme-dark-4.0.3.tgz",
      "integrity": "sha512-lAJvQy4P/FBhJTlrR0Sw2KMfuhGIyQxyph9/CW3YJlQHAB1VcUp1Cg8Z/lK23EQTM7TSli1VqQ2pNDvXjNsQcA=="
    },
    "sweetalert2": {
      "version": "10.15.6",
      "resolved": "https://registry.npmjs.org/sweetalert2/-/sweetalert2-10.15.6.tgz",
      "integrity": "sha512-elLyVvVwBBsgkT0NrxiiVuEv077gqGhm7WEdBjXRHN+TOX+MoC4LpDW2kbdSeJtjjU1sPdqGKfGLoJElIXfVWA=="
    }
  }
}
